// !$*UTF8*$!
{
	archiveVersion = 1;
	classes = {
	};
	objectVersion = 46;
	objects = {

/* Begin PBXBuildFile section */
		94D388481F39B8F300F974A6 /* AppDelegate.swift in Sources */ = {isa = PBXBuildFile; fileRef = 94D388471F39B8F300F974A6 /* AppDelegate.swift */; };
		94D3884A1F39B8F300F974A6 /* ViewController.swift in Sources */ = {isa = PBXBuildFile; fileRef = 94D388491F39B8F300F974A6 /* ViewController.swift */; };
		94D3884D1F39B8F300F974A6 /* Main.storyboard in Resources */ = {isa = PBXBuildFile; fileRef = 94D3884B1F39B8F300F974A6 /* Main.storyboard */; };
		94D3884F1F39B8F300F974A6 /* Assets.xcassets in Resources */ = {isa = PBXBuildFile; fileRef = 94D3884E1F39B8F300F974A6 /* Assets.xcassets */; };
		94D388521F39B8F300F974A6 /* LaunchScreen.storyboard in Resources */ = {isa = PBXBuildFile; fileRef = 94D388501F39B8F300F974A6 /* LaunchScreen.storyboard */; };
		94D3885D1F39B8F300F974A6 /* YeShiErTests.swift in Sources */ = {isa = PBXBuildFile; fileRef = 94D3885C1F39B8F300F974A6 /* YeShiErTests.swift */; };
		94D388681F39B8F300F974A6 /* YeShiErUITests.swift in Sources */ = {isa = PBXBuildFile; fileRef = 94D388671F39B8F300F974A6 /* YeShiErUITests.swift */; };
/* End PBXBuildFile section */

/* Begin PBXContainerItemProxy section */
		94D388591F39B8F300F974A6 /* PBXContainerItemProxy */ = {
			isa = PBXContainerItemProxy;
			containerPortal = 94D3883C1F39B8F300F974A6 /* Project object */;
			proxyType = 1;
			remoteGlobalIDString = 94D388431F39B8F300F974A6;
			remoteInfo = YeShiEr;
		};
		94D388641F39B8F300F974A6 /* PBXContainerItemProxy */ = {
			isa = PBXContainerItemProxy;
			containerPortal = 94D3883C1F39B8F300F974A6 /* Project object */;
			proxyType = 1;
			remoteGlobalIDString = 94D388431F39B8F300F974A6;
			remoteInfo = YeShiEr;
		};
/* End PBXContainerItemProxy section */

/* Begin PBXFileReference section */
		94D388441F39B8F300F974A6 /* YeShiEr.app */ = {isa = PBXFileReference; explicitFileType = wrapper.application; includeInIndex = 0; path = YeShiEr.app; sourceTree = BUILT_PRODUCTS_DIR; };
		94D388471F39B8F300F974A6 /* AppDelegate.swift */ = {isa = PBXFileReference; lastKnownFileType = sourcecode.swift; path = AppDelegate.swift; sourceTree = "<group>"; };
		94D388491F39B8F300F974A6 /* ViewController.swift */ = {isa = PBXFileReference; lastKnownFileType = sourcecode.swift; path = ViewController.swift; sourceTree = "<group>"; };
		94D3884C1F39B8F300F974A6 /* Base */ = {isa = PBXFileReference; lastKnownFileType = file.storyboard; name = Base; path = Base.lproj/Main.storyboard; sourceTree = "<group>"; };
		94D3884E1F39B8F300F974A6 /* Assets.xcassets */ = {isa = PBXFileReference; lastKnownFileType = folder.assetcatalog; path = Assets.xcassets; sourceTree = "<group>"; };
		94D388511F39B8F300F974A6 /* Base */ = {isa = PBXFileReference; lastKnownFileType = file.storyboard; name = Base; path = Base.lproj/LaunchScreen.storyboard; sourceTree = "<group>"; };
		94D388531F39B8F300F974A6 /* Info.plist */ = {isa = PBXFileReference; lastKnownFileType = text.plist.xml; path = Info.plist; sourceTree = "<group>"; };
		94D388581F39B8F300F974A6 /* YeShiErTests.xctest */ = {isa = PBXFileReference; explicitFileType = wrapper.cfbundle; includeInIndex = 0; path = YeShiErTests.xctest; sourceTree = BUILT_PRODUCTS_DIR; };
		94D3885C1F39B8F300F974A6 /* YeShiErTests.swift */ = {isa = PBXFileReference; lastKnownFileType = sourcecode.swift; path = YeShiErTests.swift; sourceTree = "<group>"; };
		94D3885E1F39B8F300F974A6 /* Info.plist */ = {isa = PBXFileReference; lastKnownFileType = text.plist.xml; path = Info.plist; sourceTree = "<group>"; };
		94D388631F39B8F300F974A6 /* YeShiErUITests.xctest */ = {isa = PBXFileReference; explicitFileType = wrapper.cfbundle; includeInIndex = 0; path = YeShiErUITests.xctest; sourceTree = BUILT_PRODUCTS_DIR; };
		94D388671F39B8F300F974A6 /* YeShiErUITests.swift */ = {isa = PBXFileReference; lastKnownFileType = sourcecode.swift; path = YeShiErUITests.swift; sourceTree = "<group>"; };
		94D388691F39B8F300F974A6 /* Info.plist */ = {isa = PBXFileReference; lastKnownFileType = text.plist.xml; path = Info.plist; sourceTree = "<group>"; };
/* End PBXFileReference section */

/* Begin PBXFrameworksBuildPhase section */
		94D388411F39B8F300F974A6 /* Frameworks */ = {
			isa = PBXFrameworksBuildPhase;
			buildActionMask = 2147483647;
			files = (
			);
			runOnlyForDeploymentPostprocessing = 0;
		};
		94D388551F39B8F300F974A6 /* Frameworks */ = {
			isa = PBXFrameworksBuildPhase;
			buildActionMask = 2147483647;
			files = (
			);
			runOnlyForDeploymentPostprocessing = 0;
		};
		94D388601F39B8F300F974A6 /* Frameworks */ = {
			isa = PBXFrameworksBuildPhase;
			buildActionMask = 2147483647;
			files = (
			);
			runOnlyForDeploymentPostprocessing = 0;
		};
/* End PBXFrameworksBuildPhase section */

/* Begin PBXGroup section */
		94D3883B1F39B8F300F974A6 = {
			isa = PBXGroup;
			children = (
				94D388461F39B8F300F974A6 /* YeShiEr */,
				94D3885B1F39B8F300F974A6 /* YeShiErTests */,
				94D388661F39B8F300F974A6 /* YeShiErUITests */,
				94D388451F39B8F300F974A6 /* Products */,
			);
			sourceTree = "<group>";
		};
		94D388451F39B8F300F974A6 /* Products */ = {
			isa = PBXGroup;
			children = (
				94D388441F39B8F300F974A6 /* YeShiEr.app */,
				94D388581F39B8F300F974A6 /* YeShiErTests.xctest */,
				94D388631F39B8F300F974A6 /* YeShiErUITests.xctest */,
			);
			name = Products;
			sourceTree = "<group>";
		};
		94D388461F39B8F300F974A6 /* YeShiEr */ = {
			isa = PBXGroup;
			children = (
				94D388471F39B8F300F974A6 /* AppDelegate.swift */,
				94D388491F39B8F300F974A6 /* ViewController.swift */,
				94D3884B1F39B8F300F974A6 /* Main.storyboard */,
				94D3884E1F39B8F300F974A6 /* Assets.xcassets */,
				94D388501F39B8F300F974A6 /* LaunchScreen.storyboard */,
				94D388531F39B8F300F974A6 /* Info.plist */,
			);
			path = YeShiEr;
			sourceTree = "<group>";
		};
		94D3885B1F39B8F300F974A6 /* YeShiErTests */ = {
			isa = PBXGroup;
			children = (
				94D3885C1F39B8F300F974A6 /* YeShiErTests.swift */,
				94D3885E1F39B8F300F974A6 /* Info.plist */,
			);
			path = YeShiErTests;
			sourceTree = "<group>";
		};
		94D388661F39B8F300F974A6 /* YeShiErUITests */ = {
			isa = PBXGroup;
			children = (
				94D388671F39B8F300F974A6 /* YeShiErUITests.swift */,
				94D388691F39B8F300F974A6 /* Info.plist */,
			);
			path = YeShiErUITests;
			sourceTree = "<group>";
		};
/* End PBXGroup section */

/* Begin PBXNativeTarget section */
		94D388431F39B8F300F974A6 /* YeShiEr */ = {
			isa = PBXNativeTarget;
			buildConfigurationList = 94D3886C1F39B8F300F974A6 /* Build configuration list for PBXNativeTarget "YeShiEr" */;
			buildPhases = (
				94D388401F39B8F300F974A6 /* Sources */,
				94D388411F39B8F300F974A6 /* Frameworks */,
				94D388421F39B8F300F974A6 /* Resources */,
			);
			buildRules = (
			);
			dependencies = (
			);
			name = YeShiEr;
			productName = YeShiEr;
			productReference = 94D388441F39B8F300F974A6 /* YeShiEr.app */;
			productType = "com.apple.product-type.application";
		};
		94D388571F39B8F300F974A6 /* YeShiErTests */ = {
			isa = PBXNativeTarget;
			buildConfigurationList = 94D3886F1F39B8F300F974A6 /* Build configuration list for PBXNativeTarget "YeShiErTests" */;
			buildPhases = (
				94D388541F39B8F300F974A6 /* Sources */,
				94D388551F39B8F300F974A6 /* Frameworks */,
				94D388561F39B8F300F974A6 /* Resources */,
			);
			buildRules = (
			);
			dependencies = (
				94D3885A1F39B8F300F974A6 /* PBXTargetDependency */,
			);
			name = YeShiErTests;
			productName = YeShiErTests;
			productReference = 94D388581F39B8F300F974A6 /* YeShiErTests.xctest */;
			productType = "com.apple.product-type.bundle.unit-test";
		};
		94D388621F39B8F300F974A6 /* YeShiErUITests */ = {
			isa = PBXNativeTarget;
			buildConfigurationList = 94D388721F39B8F300F974A6 /* Build configuration list for PBXNativeTarget "YeShiErUITests" */;
			buildPhases = (
				94D3885F1F39B8F300F974A6 /* Sources */,
				94D388601F39B8F300F974A6 /* Frameworks */,
				94D388611F39B8F300F974A6 /* Resources */,
			);
			buildRules = (
			);
			dependencies = (
				94D388651F39B8F300F974A6 /* PBXTargetDependency */,
			);
			name = YeShiErUITests;
			productName = YeShiErUITests;
			productReference = 94D388631F39B8F300F974A6 /* YeShiErUITests.xctest */;
			productType = "com.apple.product-type.bundle.ui-testing";
		};
/* End PBXNativeTarget section */

/* Begin PBXProject section */
		94D3883C1F39B8F300F974A6 /* Project object */ = {
			isa = PBXProject;
			attributes = {
				LastSwiftUpdateCheck = 0830;
				LastUpgradeCheck = 0830;
				ORGANIZATIONNAME = "侯佳男";
				TargetAttributes = {
					94D388431F39B8F300F974A6 = {
						CreatedOnToolsVersion = 8.3.3;
						ProvisioningStyle = Automatic;
					};
					94D388571F39B8F300F974A6 = {
						CreatedOnToolsVersion = 8.3.3;
						ProvisioningStyle = Automatic;
						TestTargetID = 94D388431F39B8F300F974A6;
					};
					94D388621F39B8F300F974A6 = {
						CreatedOnToolsVersion = 8.3.3;
						ProvisioningStyle = Automatic;
						TestTargetID = 94D388431F39B8F300F974A6;
					};
				};
			};
			buildConfigurationList = 94D3883F1F39B8F300F974A6 /* Build configuration list for PBXProject "YeShiEr" */;
			compatibilityVersion = "Xcode 3.2";
			developmentRegion = English;
			hasScannedForEncodings = 0;
			knownRegions = (
				en,
				Base,
			);
			mainGroup = 94D3883B1F39B8F300F974A6;
			productRefGroup = 94D388451F39B8F300F974A6 /* Products */;
			projectDirPath = "";
			projectRoot = "";
			targets = (
				94D388431F39B8F300F974A6 /* YeShiEr */,
				94D388571F39B8F300F974A6 /* YeShiErTests */,
				94D388621F39B8F300F974A6 /* YeShiErUITests */,
			);
		};
/* End PBXProject section */

/* Begin PBXResourcesBuildPhase section */
		94D388421F39B8F300F974A6 /* Resources */ = {
			isa = PBXResourcesBuildPhase;
			buildActionMask = 2147483647;
			files = (
				94D388521F39B8F300F974A6 /* LaunchScreen.storyboard in Resources */,
				94D3884F1F39B8F300F974A6 /* Assets.xcassets in Resources */,
				94D3884D1F39B8F300F974A6 /* Main.storyboard in Resources */,
			);
			runOnlyForDeploymentPostprocessing = 0;
		};
		94D388561F39B8F300F974A6 /* Resources */ = {
			isa = PBXResourcesBuildPhase;
			buildActionMask = 2147483647;
			files = (
			);
			runOnlyForDeploymentPostprocessing = 0;
		};
		94D388611F39B8F300F974A6 /* Resources */ = {
			isa = PBXResourcesBuildPhase;
			buildActionMask = 2147483647;
			files = (
			);
			runOnlyForDeploymentPostprocessing = 0;
		};
/* End PBXResourcesBuildPhase section */

/* Begin PBXSourcesBuildPhase section */
		94D388401F39B8F300F974A6 /* Sources */ = {
			isa = PBXSourcesBuildPhase;
			buildActionMask = 2147483647;
			files = (
				94D3884A1F39B8F300F974A6 /* ViewController.swift in Sources */,
				94D388481F39B8F300F974A6 /* AppDelegate.swift in Sources */,
			);
			runOnlyForDeploymentPostprocessing = 0;
		};
		94D388541F39B8F300F974A6 /* Sources */ = {
			isa = PBXSourcesBuildPhase;
			buildActionMask = 2147483647;
			files = (
				94D3885D1F39B8F300F974A6 /* YeShiErTests.swift in Sources */,
			);
			runOnlyForDeploymentPostprocessing = 0;
		};
		94D3885F1F39B8F300F974A6 /* Sources */ = {
			isa = PBXSourcesBuildPhase;
			buildActionMask = 2147483647;
			files = (
				94D388681F39B8F300F974A6 /* YeShiErUITests.swift in Sources */,
			);
			runOnlyForDeploymentPostprocessing = 0;
		};
/* End PBXSourcesBuildPhase section */

/* Begin PBXTargetDependency section */
		94D3885A1F39B8F300F974A6 /* PBXTargetDependency */ = {
			isa = PBXTargetDependency;
			target = 94D388431F39B8F300F974A6 /* YeShiEr */;
			targetProxy = 94D388591F39B8F300F974A6 /* PBXContainerItemProxy */;
		};
		94D388651F39B8F300F974A6 /* PBXTargetDependency */ = {
			isa = PBXTargetDependency;
			target = 94D388431F39B8F300F974A6 /* YeShiEr */;
			targetProxy = 94D388641F39B8F300F974A6 /* PBXContainerItemProxy */;
		};
/* End PBXTargetDependency section */

/* Begin PBXVariantGroup section */
		94D3884B1F39B8F300F974A6 /* Main.storyboard */ = {
			isa = PBXVariantGroup;
			children = (
				94D3884C1F39B8F300F974A6 /* Base */,
			);
			name = Main.storyboard;
			sourceTree = "<group>";
		};
		94D388501F39B8F300F974A6 /* LaunchScreen.storyboard */ = {
			isa = PBXVariantGroup;
			children = (
				94D388511F39B8F300F974A6 /* Base */,
			);
			name = LaunchScreen.storyboard;
			sourceTree = "<group>";
		};
/* End PBXVariantGroup section */

/* Begin XCBuildConfiguration section */
		94D3886A1F39B8F300F974A6 /* Debug */ = {
			isa = XCBuildConfiguration;
			buildSettings = {
				ALWAYS_SEARCH_USER_PATHS = NO;
				CLANG_ANALYZER_NONNULL = YES;
				CLANG_ANALYZER_NUMBER_OBJECT_CONVERSION = YES_AGGRESSIVE;
				CLANG_CXX_LANGUAGE_STANDARD = "gnu++0x";
				CLANG_CXX_LIBRARY = "libc++";
				CLANG_ENABLE_MODULES = YES;
				CLANG_ENABLE_OBJC_ARC = YES;
				CLANG_WARN_BOOL_CONVERSION = YES;
				CLANG_WARN_CONSTANT_CONVERSION = YES;
				CLANG_WARN_DIRECT_OBJC_ISA_USAGE = YES_ERROR;
				CLANG_WARN_DOCUMENTATION_COMMENTS = YES;
				CLANG_WARN_EMPTY_BODY = YES;
				CLANG_WARN_ENUM_CONVERSION = YES;
				CLANG_WARN_INFINITE_RECURSION = YES;
				CLANG_WARN_INT_CONVERSION = YES;
				CLANG_WARN_OBJC_ROOT_CLASS = YES_ERROR;
				CLANG_WARN_SUSPICIOUS_MOVE = YES;
				CLANG_WARN_UNREACHABLE_CODE = YES;
				CLANG_WARN__DUPLICATE_METHOD_MATCH = YES;
				"CODE_SIGN_IDENTITY[sdk=iphoneos*]" = "iPhone Developer";
				COPY_PHASE_STRIP = NO;
				DEBUG_INFORMATION_FORMAT = dwarf;
				ENABLE_STRICT_OBJC_MSGSEND = YES;
				ENABLE_TESTABILITY = YES;
				GCC_C_LANGUAGE_STANDARD = gnu99;
				GCC_DYNAMIC_NO_PIC = NO;
				GCC_NO_COMMON_BLOCKS = YES;
				GCC_OPTIMIZATION_LEVEL = 0;
				GCC_PREPROCESSOR_DEFINITIONS = (
					"DEBUG=1",
					"$(inherited)",
				);
				GCC_WARN_64_TO_32_BIT_CONVERSION = YES;
				GCC_WARN_ABOUT_RETURN_TYPE = YES_ERROR;
				GCC_WARN_UNDECLARED_SELECTOR = YES;
				GCC_WARN_UNINITIALIZED_AUTOS = YES_AGGRESSIVE;
				GCC_WARN_UNUSED_FUNCTION = YES;
				GCC_WARN_UNUSED_VARIABLE = YES;
				IPHONEOS_DEPLOYMENT_TARGET = 10.3;
				MTL_ENABLE_DEBUG_INFO = YES;
				ONLY_ACTIVE_ARCH = YES;
				SDKROOT = iphoneos;
				SWIFT_ACTIVE_COMPILATION_CONDITIONS = DEBUG;
				SWIFT_OPTIMIZATION_LEVEL = "-Onone";
			};
			name = Debug;
		};
		94D3886B1F39B8F300F974A6 /* Release */ = {
			isa = XCBuildConfiguration;
			buildSettings = {
				ALWAYS_SEARCH_USER_PATHS = NO;
				CLANG_ANALYZER_NONNULL = YES;
				CLANG_ANALYZER_NUMBER_OBJECT_CONVERSION = YES_AGGRESSIVE;
				CLANG_CXX_LANGUAGE_STANDARD = "gnu++0x";
				CLANG_CXX_LIBRARY = "libc++";
				CLANG_ENABLE_MODULES = YES;
				CLANG_ENABLE_OBJC_ARC = YES;
				CLANG_WARN_BOOL_CONVERSION = YES;
				CLANG_WARN_CONSTANT_CONVERSION = YES;
				CLANG_WARN_DIRECT_OBJC_ISA_USAGE = YES_ERROR;
				CLANG_WARN_DOCUMENTATION_COMMENTS = YES;
				CLANG_WARN_EMPTY_BODY = YES;
				CLANG_WARN_ENUM_CONVERSION = YES;
				CLANG_WARN_INFINITE_RECURSION = YES;
				CLANG_WARN_INT_CONVERSION = YES;
				CLANG_WARN_OBJC_ROOT_CLASS = YES_ERROR;
				CLANG_WARN_SUSPICIOUS_MOVE = YES;
				CLANG_WARN_UNREACHABLE_CODE = YES;
				CLANG_WARN__DUPLICATE_METHOD_MATCH = YES;
				"CODE_SIGN_IDENTITY[sdk=iphoneos*]" = "iPhone Developer";
				COPY_PHASE_STRIP = NO;
				DEBUG_INFORMATION_FORMAT = "dwarf-with-dsym";
				ENABLE_NS_ASSERTIONS = NO;
				ENABLE_STRICT_OBJC_MSGSEND = YES;
				GCC_C_LANGUAGE_STANDARD = gnu99;
				GCC_NO_COMMON_BLOCKS = YES;
				GCC_WARN_64_TO_32_BIT_CONVERSION = YES;
				GCC_WARN_ABOUT_RETURN_TYPE = YES_ERROR;
				GCC_WARN_UNDECLARED_SELECTOR = YES;
				GCC_WARN_UNINITIALIZED_AUTOS = YES_AGGRESSIVE;
				GCC_WARN_UNUSED_FUNCTION = YES;
				GCC_WARN_UNUSED_VARIABLE = YES;
				IPHONEOS_DEPLOYMENT_TARGET = 10.3;
				MTL_ENABLE_DEBUG_INFO = NO;
				SDKROOT = iphoneos;
				SWIFT_OPTIMIZATION_LEVEL = "-Owholemodule";
				VALIDATE_PRODUCT = YES;
			};
			name = Release;
		};
		94D3886D1F39B8F300F974A6 /* Debug */ = {
			isa = XCBuildConfiguration;
			buildSettings = {
				ASSETCATALOG_COMPILER_APPICON_NAME = AppIcon;
				INFOPLIST_FILE = YeShiEr/Info.plist;
				LD_RUNPATH_SEARCH_PATHS = "$(inherited) @executable_path/Frameworks";
				PRODUCT_BUNDLE_IDENTIFIER = jianan.YeShiEr;
				PRODUCT_NAME = "$(TARGET_NAME)";
				SWIFT_VERSION = 3.0;
			};
			name = Debug;
		};
		94D3886E1F39B8F300F974A6 /* Release */ = {
			isa = XCBuildConfiguration;
			buildSettings = {
				ASSETCATALOG_COMPILER_APPICON_NAME = AppIcon;
				INFOPLIST_FILE = YeShiEr/Info.plist;
				LD_RUNPATH_SEARCH_PATHS = "$(inherited) @executable_path/Frameworks";
				PRODUCT_BUNDLE_IDENTIFIER = jianan.YeShiEr;
				PRODUCT_NAME = "$(TARGET_NAME)";
				SWIFT_VERSION = 3.0;
			};
			name = Release;
		};
		94D388701F39B8F300F974A6 /* Debug */ = {
			isa = XCBuildConfiguration;
			buildSettings = {
				ALWAYS_EMBED_SWIFT_STANDARD_LIBRARIES = YES;
				BUNDLE_LOADER = "$(TEST_HOST)";
				INFOPLIST_FILE = YeShiErTests/Info.plist;
				LD_RUNPATH_SEARCH_PATHS = "$(inherited) @executable_path/Frameworks @loader_path/Frameworks";
				PRODUCT_BUNDLE_IDENTIFIER = jianan.YeShiErTests;
				PRODUCT_NAME = "$(TARGET_NAME)";
				SWIFT_VERSION = 3.0;
				TEST_HOST = "$(BUILT_PRODUCTS_DIR)/YeShiEr.app/YeShiEr";
			};
			name = Debug;
		};
		94D388711F39B8F300F974A6 /* Release */ = {
			isa = XCBuildConfiguration;
			buildSettings = {
				ALWAYS_EMBED_SWIFT_STANDARD_LIBRARIES = YES;
				BUNDLE_LOADER = "$(TEST_HOST)";
				INFOPLIST_FILE = YeShiErTests/Info.plist;
				LD_RUNPATH_SEARCH_PATHS = "$(inherited) @executable_path/Frameworks @loader_path/Frameworks";
				PRODUCT_BUNDLE_IDENTIFIER = jianan.YeShiErTests;
				PRODUCT_NAME = "$(TARGET_NAME)";
				SWIFT_VERSION = 3.0;
				TEST_HOST = "$(BUILT_PRODUCTS_DIR)/YeShiEr.app/YeShiEr";
			};
			name = Release;
		};
		94D388731F39B8F300F974A6 /* Debug */ = {
			isa = XCBuildConfiguration;
			buildSettings = {
				ALWAYS_EMBED_SWIFT_STANDARD_LIBRARIES = YES;
				INFOPLIST_FILE = YeShiErUITests/Info.plist;
				LD_RUNPATH_SEARCH_PATHS = "$(inherited) @executable_path/Frameworks @loader_path/Frameworks";
				PRODUCT_BUNDLE_IDENTIFIER = jianan.YeShiErUITests;
				PRODUCT_NAME = "$(TARGET_NAME)";
				SWIFT_VERSION = 3.0;
				TEST_TARGET_NAME = YeShiEr;
			};
			name = Debug;
		};
		94D388741F39B8F300F974A6 /* Release */ = {
			isa = XCBuildConfiguration;
			buildSettings = {
				ALWAYS_EMBED_SWIFT_STANDARD_LIBRARIES = YES;
				INFOPLIST_FILE = YeShiErUITests/Info.plist;
				LD_RUNPATH_SEARCH_PATHS = "$(inherited) @executable_path/Frameworks @loader_path/Frameworks";
				PRODUCT_BUNDLE_IDENTIFIER = jianan.YeShiErUITests;
				PRODUCT_NAME = "$(TARGET_NAME)";
				SWIFT_VERSION = 3.0;
				TEST_TARGET_NAME = YeShiEr;
			};
			name = Release;
		};
/* End XCBuildConfiguration section */

/* Begin XCConfigurationList section */
		94D3883F1F39B8F300F974A6 /* Build configuration list for PBXProject "YeShiEr" */ = {
			isa = XCConfigurationList;
			buildConfigurations = (
				94D3886A1F39B8F300F974A6 /* Debug */,
				94D3886B1F39B8F300F974A6 /* Release */,
			);
			defaultConfigurationIsVisible = 0;
			defaultConfigurationName = Release;
		};
		94D3886C1F39B8F300F974A6 /* Build configuration list for PBXNativeTarget "YeShiEr" */ = {
			isa = XCConfigurationList;
			buildConfigurations = (
				94D3886D1F39B8F300F974A6 /* Debug */,
				94D3886E1F39B8F300F974A6 /* Release */,
			);
			defaultConfigurationIsVisible = 0;
		};
		94D3886F1F39B8F300F974A6 /* Build configuration list for PBXNativeTarget "YeShiErTests" */ = {
			isa = XCConfigurationList;
			buildConfigurations = (
				94D388701F39B8F300F974A6 /* Debug */,
				94D388711F39B8F300F974A6 /* Release */,
			);
			defaultConfigurationIsVisible = 0;
		};
		94D388721F39B8F300F974A6 /* Build configuration list for PBXNativeTarget "YeShiErUITests" */ = {
			isa = XCConfigurationList;
			buildConfigurations = (
				94D388731F39B8F300F974A6 /* Debug */,
				94D388741F39B8F300F974A6 /* Release */,
			);
			defaultConfigurationIsVisible = 0;
		};
/* End XCConfigurationList section */
	};
	rootObject = 94D3883C1F39B8F300F974A6 /* Project object */;
}
